version = 1
revision = 1
requires-python = ">=3.12"

[[package]]
name = "pid"
version = "3.0.4"
source = { registry = "https://pypi.org/simple" }
dependencies = [
    { name = "psutil", marker = "sys_platform == 'win32'" },
]
sdist = { url = "https://files.pythonhosted.org/packages/46/45/9e551a0e30d68d18334bc6fd8971b3ab1485423877902eb4f26cc28d7bd5/pid-3.0.4.tar.gz", hash = "sha256:0e33670e83f6a33ebb0822e43a609c3247178d4a375ff50a4689e266d853eb66", size = 16228 }
wheels = [
    { url = "https://files.pythonhosted.org/packages/e0/30/7ebdc66dff1611756d4b38340effdb470aa2693c8789a8fef0bd8dd9332a/pid-3.0.4-py2.py3-none-any.whl", hash = "sha256:af2bf11c5d637bba8a80ce3368279c5eca28f08e201ac828538e1b9ad9e35ef9", size = 11975 },
]

[[package]]
name = "psutil"
version = "7.0.0"
source = { registry = "https://pypi.org/simple" }
sdist = { url = "https://files.pythonhosted.org/packages/2a/80/336820c1ad9286a4ded7e845b2eccfcb27851ab8ac6abece774a6ff4d3de/psutil-7.0.0.tar.gz", hash = "sha256:7be9c3eba38beccb6495ea33afd982a44074b78f28c434a1f51cc07fd315c456", size = 497003 }
wheels = [
    { url = "https://files.pythonhosted.org/packages/50/e6/eecf58810b9d12e6427369784efe814a1eec0f492084ce8eb8f4d89d6d61/psutil-7.0.0-cp37-abi3-win32.whl", hash = "sha256:ba3fcef7523064a6c9da440fc4d6bd07da93ac726b5733c29027d7dc95b39d99", size = 241053 },
    { url = "https://files.pythonhosted.org/packages/50/1b/6921afe68c74868b4c9fa424dad3be35b095e16687989ebbb50ce4fceb7c/psutil-7.0.0-cp37-abi3-win_amd64.whl", hash = "sha256:4cf3d4eb1aa9b348dec30105c55cd9b7d4629285735a102beb4441e38db90553", size = 244885 },
]

[[package]]
name = "scripts"
version = "0.1.0"
source = { virtual = "." }
dependencies = [
    { name = "pid" },
]

[package.metadata]
requires-dist = [{ name = "pid", specifier = ">=3.0.4" }]
